{
  "name": "seajs",
  "version": "1.0.0",
  "lockfileVersion": 1,
  "requires": true,
  "dependencies": {
    "jquery": {
      "version": "3.4.1",
      "resolved": "https://registry.npmjs.org/jquery/-/jquery-3.4.1.tgz",
      "integrity": "sha512-36+AdBzCL+y6qjw5Tx7HgzeGCzC81MDDgaUP8ld2zhx58HdqXGoBd+tHdrBMiyjGQs0Hxs/MLZTu/eHNJJuWPw==",
      "dev": true
    },
    "seajs": {
      "version": "3.0.3",
      "resolved": "https://registry.npmjs.org/seajs/-/seajs-3.0.3.tgz",
      "integrity": "sha512-cmvBYGTmAWL2wfX4fo9nduknk7OTIRkDv67DGauECzDjkWq7FjkbFSSUtMC1Yocxk9xiwgpChxLvC4qpk7tchA==",
      "dev": true
    },
    "underscore": {
      "version": "1.12.1",
      "resolved": "https://registry.npmjs.org/underscore/-/underscore-1.12.1.tgz",
      "integrity": "sha512-hEQt0+ZLDVUMhebKxL4x1BTtDY7bavVofhZ9KZ4aI26X9SRaE+Y3m83XUL1UP2jn8ynjndwCCpEHdUG+9pP1Tw==",
      "dev": true
    }
  }
}
